// This lockfile was autogenerated by Pants. To regenerate, run:
//
//    pants generate-lockfiles --resolve=python-default
//
// --- BEGIN PANTS LOCKFILE METADATA: DO NOT EDIT OR REMOVE ---
// {
//   "version": 3,
//   "valid_for_interpreter_constraints": [
//     "CPython>=3.10"
//   ],
//   "generated_with_requirements": [
//     "pandas<3.0.0,>=2.0.1"
//   ],
//   "manylinux": "manylinux2014",
//   "requirement_constraints": [],
//   "only_binary": [],
//   "no_binary": []
// }
// --- END PANTS LOCKFILE METADATA ---

{
  "allow_builds": true,
  "allow_prereleases": false,
  "allow_wheels": true,
  "build_isolation": true,
  "constraints": [],
  "locked_resolves": [
    {
      "locked_requirements": [
        {
          "artifacts": [
            {
              "algorithm": "sha256",
              "hash": "a1d3c026f57ceaad42f8231305d4653d5f05dc6332a730ae5c0bea3513de0950",
              "url": "https://files.pythonhosted.org/packages/82/19/321d369ede7458500f59151101470129d14f3b6768bb9b99bb7156f526b5/numpy-1.24.3-cp311-cp311-manylinux_2_17_x86_64.manylinux2014_x86_64.whl"
            },
            {
              "algorithm": "sha256",
              "hash": "ab344f1bf21f140adab8e47fdbc7c35a477dc01408791f8ba00d018dd0bc5155",
              "url": "https://files.pythonhosted.org/packages/2c/d4/590ae7df5044465cc9fa2db152ae12468694d62d952b1528ecff328ef7fc/numpy-1.24.3.tar.gz"
            },
            {
              "algorithm": "sha256",
              "hash": "8535303847b89aa6b0f00aa1dc62867b5a32923e4d1681a35b5eef2d9591a463",
              "url": "https://files.pythonhosted.org/packages/62/e4/cd77d5f3d02c30d9ca8f2995df3cb3974c75cf1cc777fad445753475c4e4/numpy-1.24.3-cp310-cp310-manylinux_2_17_aarch64.manylinux2014_aarch64.whl"
            },
            {
              "algorithm": "sha256",
              "hash": "2d926b52ba1367f9acb76b0df6ed21f0b16a1ad87c6720a1121674e5cf63e2b6",
              "url": "https://files.pythonhosted.org/packages/6f/72/38f9a536bdb5bfb1682f2520f133ec6e08dde8bcca1f632e347641d90763/numpy-1.24.3-cp310-cp310-manylinux_2_17_x86_64.manylinux2014_x86_64.whl"
            },
            {
              "algorithm": "sha256",
              "hash": "76e3f4e85fc5d4fd311f6e9b794d0c00e7002ec122be271f2019d63376f1d385",
              "url": "https://files.pythonhosted.org/packages/72/eb/9c77bbc4d2b4ca17ef253621794a2d42897d896f86cd493db3eabe1a7d25/numpy-1.24.3-cp311-cp311-manylinux_2_17_aarch64.manylinux2014_aarch64.whl"
            },
            {
              "algorithm": "sha256",
              "hash": "9a7721ec204d3a237225db3e194c25268faf92e19338a35f3a224469cb6039a3",
              "url": "https://files.pythonhosted.org/packages/ec/7d/f69c47ea3db0cd8ca444aec241a80b538eb176ae756820489a9d2946ec8c/numpy-1.24.3-cp311-cp311-macosx_10_9_x86_64.whl"
            },
            {
              "algorithm": "sha256",
              "hash": "d6cc757de514c00b24ae8cf5c876af2a7c3df189028d68c0cb4eaa9cd5afc2bf",
              "url": "https://files.pythonhosted.org/packages/ee/6c/7217a8844dfe22e349bccbecd35571fa72c5d7fe8b33d8c5540e8cc2535c/numpy-1.24.3-cp311-cp311-macosx_11_0_arm64.whl"
            },
            {
              "algorithm": "sha256",
              "hash": "3c1104d3c036fb81ab923f507536daedc718d0ad5a8707c6061cdfd6d184e570",
              "url": "https://files.pythonhosted.org/packages/f3/23/7cc851bae09cf4db90d42a701dfe525780883ada86bece45e3da7a07e76b/numpy-1.24.3-cp310-cp310-macosx_10_9_x86_64.whl"
            },
            {
              "algorithm": "sha256",
              "hash": "202de8f38fc4a45a3eea4b63e2f376e5f2dc64ef0fa692838e31a808520efaf7",
              "url": "https://files.pythonhosted.org/packages/fa/7d/8dfb40eecbb6bc83ca00ef979f5cdeca5909a250cb8b642dcf1fbd34c078/numpy-1.24.3-cp310-cp310-macosx_11_0_arm64.whl"
            }
          ],
          "project_name": "numpy",
          "requires_dists": [],
          "requires_python": ">=3.8",
          "version": "1.24.3"
        },
        {
          "artifacts": [
            {
              "algorithm": "sha256",
              "hash": "6fa0067f2419f933101bdc6001bcea1d50812afbd367b30943417d67fbb99678",
              "url": "https://files.pythonhosted.org/packages/f3/ac/8bfddafc42a0c801902efa2c3f4ee286369df1a4acafc0409a13c458c8bf/pandas-2.0.1-cp311-cp311-manylinux_2_17_x86_64.manylinux2014_x86_64.whl"
            },
            {
              "algorithm": "sha256",
              "hash": "70a996a1d2432dadedbb638fe7d921c88b0cc4dd90374eab51bb33dc6c0c2a12",
              "url": "https://files.pythonhosted.org/packages/17/10/712e0566d1f561d1fcbb8f620523bc1777c7f1183365b5747b74e0585637/pandas-2.0.1-cp310-cp310-macosx_10_9_x86_64.whl"
            },
            {
              "algorithm": "sha256",
              "hash": "af2449e9e984dfad39276b885271ba31c5e0204ffd9f21f287a245980b0e4091",
              "url": "https://files.pythonhosted.org/packages/32/49/d7240d653397a74f181015bbf0a412098e54aa72f59660d0dd82e336fac8/pandas-2.0.1-cp311-cp311-macosx_11_0_arm64.whl"
            },
            {
              "algorithm": "sha256",
              "hash": "909a72b52175590debbf1d0c9e3e6bce2f1833c80c76d80bd1aa09188be768e5",
              "url": "https://files.pythonhosted.org/packages/41/07/4bf208b31ae6e78a70baa706c5cb90c02d458d418a707c193466bf8cd4e5/pandas-2.0.1-cp310-cp310-macosx_11_0_arm64.whl"
            },
            {
              "algorithm": "sha256",
              "hash": "19b8e5270da32b41ebf12f0e7165efa7024492e9513fb46fb631c5022ae5709d",
              "url": "https://files.pythonhosted.org/packages/6c/e0/73987b6ecc7246e02ab557240843f93fd5adf45d1355abb458aa1f2a0932/pandas-2.0.1.tar.gz"
            },
            {
              "algorithm": "sha256",
              "hash": "0a514ae436b23a92366fbad8365807fc0eed15ca219690b3445dcfa33597a5cc",
              "url": "https://files.pythonhosted.org/packages/a3/40/eca46f6af07a83ea3b8706586b2d8a28c01bdccee789d24f2ccc5e148b28/pandas-2.0.1-cp310-cp310-manylinux_2_17_x86_64.manylinux2014_x86_64.whl"
            },
            {
              "algorithm": "sha256",
              "hash": "fe7914d8ddb2d54b900cec264c090b88d141a1eed605c9539a187dbc2547f022",
              "url": "https://files.pythonhosted.org/packages/a3/6b/adebe4415a929833cce8f63465b19386382ec855ab161a21ab08344a7a43/pandas-2.0.1-cp310-cp310-manylinux_2_17_aarch64.manylinux2014_aarch64.whl"
            },
            {
              "algorithm": "sha256",
              "hash": "00959a04a1d7bbc63d75a768540fb20ecc9e65fd80744c930e23768345a362a7",
              "url": "https://files.pythonhosted.org/packages/b3/3b/acb903edc6d4a9272af71181eee2840b0b1ca104ea3545127393246b7c32/pandas-2.0.1-cp311-cp311-macosx_10_9_x86_64.whl"
            },
            {
              "algorithm": "sha256",
              "hash": "910df06feaf9935d05247db6de452f6d59820e432c18a2919a92ffcd98f8f79b",
              "url": "https://files.pythonhosted.org/packages/f7/56/38f5d7ccd495451979d38dc7d534035989f2dadf183600c53ae5501dff3d/pandas-2.0.1-cp311-cp311-manylinux_2_17_aarch64.manylinux2014_aarch64.whl"
            }
          ],
          "project_name": "pandas",
          "requires_dists": [
            "PyQt5>=5.15.1; extra == \"all\"",
            "PyQt5>=5.15.1; extra == \"clipboard\"",
            "SQLAlchemy>=1.4.16; extra == \"all\"",
            "SQLAlchemy>=1.4.16; extra == \"mysql\"",
            "SQLAlchemy>=1.4.16; extra == \"postgresql\"",
            "SQLAlchemy>=1.4.16; extra == \"sql-other\"",
            "beautifulsoup4>=4.9.3; extra == \"all\"",
            "beautifulsoup4>=4.9.3; extra == \"html\"",
            "bottleneck>=1.3.2; extra == \"all\"",
            "bottleneck>=1.3.2; extra == \"performance\"",
            "brotlipy>=0.7.0; extra == \"all\"",
            "brotlipy>=0.7.0; extra == \"compression\"",
            "fastparquet>=0.6.3; extra == \"all\"",
            "fsspec>=2021.07.0; extra == \"all\"",
            "fsspec>=2021.07.0; extra == \"fss\"",
            "gcsfs>=2021.07.0; extra == \"all\"",
            "gcsfs>=2021.07.0; extra == \"gcp\"",
            "html5lib>=1.1; extra == \"all\"",
            "html5lib>=1.1; extra == \"html\"",
            "hypothesis>=6.34.2; extra == \"all\"",
            "hypothesis>=6.34.2; extra == \"test\"",
            "jinja2>=3.0.0; extra == \"all\"",
            "jinja2>=3.0.0; extra == \"output_formatting\"",
            "lxml>=4.6.3; extra == \"all\"",
            "lxml>=4.6.3; extra == \"html\"",
            "lxml>=4.6.3; extra == \"xml\"",
            "matplotlib>=3.6.1; extra == \"all\"",
            "matplotlib>=3.6.1; extra == \"plot\"",
            "numba>=0.53.1; extra == \"all\"",
            "numba>=0.53.1; extra == \"performance\"",
            "numexpr>=2.7.1; extra == \"performance\"",
            "numexpr>=2.7.3; extra == \"all\"",
            "numpy>=1.20.3; python_version < \"3.10\"",
            "numpy>=1.21.0; python_version >= \"3.10\"",
            "numpy>=1.23.2; python_version >= \"3.11\"",
            "odfpy>=1.4.1; extra == \"all\"",
            "odfpy>=1.4.1; extra == \"excel\"",
            "openpyxl>=3.0.7; extra == \"all\"",
            "openpyxl>=3.0.7; extra == \"excel\"",
            "pandas-gbq>=0.15.0; extra == \"all\"",
            "pandas-gbq>=0.15.0; extra == \"gcp\"",
            "psycopg2>=2.8.6; extra == \"all\"",
            "psycopg2>=2.8.6; extra == \"postgresql\"",
            "pyarrow>=7.0.0; extra == \"all\"",
            "pyarrow>=7.0.0; extra == \"feather\"",
            "pyarrow>=7.0.0; extra == \"parquet\"",
            "pymysql>=1.0.2; extra == \"all\"",
            "pymysql>=1.0.2; extra == \"mysql\"",
            "pyreadstat>=1.1.2; extra == \"all\"",
            "pyreadstat>=1.1.2; extra == \"spss\"",
            "pytest-asyncio>=0.17.0; extra == \"all\"",
            "pytest-asyncio>=0.17.0; extra == \"test\"",
            "pytest-xdist>=2.2.0; extra == \"all\"",
            "pytest-xdist>=2.2.0; extra == \"test\"",
            "pytest>=7.0.0; extra == \"all\"",
            "pytest>=7.0.0; extra == \"test\"",
            "python-dateutil>=2.8.2",
            "python-snappy>=0.6.0; extra == \"all\"",
            "python-snappy>=0.6.0; extra == \"compression\"",
            "pytz>=2020.1",
            "pyxlsb>=1.0.8; extra == \"all\"",
            "pyxlsb>=1.0.8; extra == \"excel\"",
            "qtpy>=2.2.0; extra == \"all\"",
            "qtpy>=2.2.0; extra == \"clipboard\"",
            "s3fs>=2021.08.0; extra == \"all\"",
            "s3fs>=2021.08.0; extra == \"aws\"",
            "scipy>=1.7.1; extra == \"all\"",
            "scipy>=1.7.1; extra == \"computation\"",
            "tables>=3.6.1; extra == \"all\"",
            "tables>=3.6.1; extra == \"hdf5\"",
            "tabulate>=0.8.9; extra == \"all\"",
            "tabulate>=0.8.9; extra == \"output_formatting\"",
            "tzdata>=2022.1",
            "xarray>=0.21.0; extra == \"all\"",
            "xarray>=0.21.0; extra == \"computation\"",
            "xlrd>=2.0.1; extra == \"all\"",
            "xlrd>=2.0.1; extra == \"excel\"",
            "xlsxwriter>=1.4.3; extra == \"all\"",
            "xlsxwriter>=1.4.3; extra == \"excel\"",
            "zstandard>=0.15.2; extra == \"all\"",
            "zstandard>=0.15.2; extra == \"compression\""
          ],
          "requires_python": ">=3.8",
          "version": "2.0.1"
        },
        {
          "artifacts": [
            {
              "algorithm": "sha256",
              "hash": "961d03dc3453ebbc59dbdea9e4e11c5651520a876d0f4db161e8674aae935da9",
              "url": "https://files.pythonhosted.org/packages/36/7a/87837f39d0296e723bb9b62bbb257d0355c7f6128853c78955f57342a56d/python_dateutil-2.8.2-py2.py3-none-any.whl"
            },
            {
              "algorithm": "sha256",
              "hash": "0123cacc1627ae19ddf3c27a5de5bd67ee4586fbdd6440d9748f8abb483d3e86",
              "url": "https://files.pythonhosted.org/packages/4c/c4/13b4776ea2d76c115c1d1b84579f3764ee6d57204f6be27119f13a61d0a9/python-dateutil-2.8.2.tar.gz"
            }
          ],
          "project_name": "python-dateutil",
          "requires_dists": [
            "six>=1.5"
          ],
          "requires_python": "!=3.0.*,!=3.1.*,!=3.2.*,>=2.7",
          "version": "2.8.2"
        },
        {
          "artifacts": [
            {
              "algorithm": "sha256",
              "hash": "a151b3abb88eda1d4e34a9814df37de2a80e301e68ba0fd856fb9b46bfbbbffb",
              "url": "https://files.pythonhosted.org/packages/7f/99/ad6bd37e748257dd70d6f85d916cafe79c0b0f5e2e95b11f7fbc82bf3110/pytz-2023.3-py2.py3-none-any.whl"
            },
            {
              "algorithm": "sha256",
              "hash": "1d8ce29db189191fb55338ee6d0387d82ab59f3d00eac103412d64e0ebd0c588",
              "url": "https://files.pythonhosted.org/packages/5e/32/12032aa8c673ee16707a9b6cdda2b09c0089131f35af55d443b6a9c69c1d/pytz-2023.3.tar.gz"
            }
          ],
          "project_name": "pytz",
          "requires_dists": [],
          "requires_python": null,
          "version": "2023.3"
        },
        {
          "artifacts": [
            {
              "algorithm": "sha256",
              "hash": "8abb2f1d86890a2dfb989f9a77cfcfd3e47c2a354b01111771326f8aa26e0254",
              "url": "https://files.pythonhosted.org/packages/d9/5a/e7c31adbe875f2abbb91bd84cf2dc52d792b5a01506781dbcf25c91daf11/six-1.16.0-py2.py3-none-any.whl"
            },
            {
              "algorithm": "sha256",
              "hash": "1e61c37477a1626458e36f7b1d82aa5c9b094fa4802892072e49de9c60c4c926",
              "url": "https://files.pythonhosted.org/packages/71/39/171f1c67cd00715f190ba0b100d606d440a28c93c7714febeca8b79af85e/six-1.16.0.tar.gz"
            }
          ],
          "project_name": "six",
          "requires_dists": [],
          "requires_python": "!=3.0.*,!=3.1.*,!=3.2.*,>=2.7",
          "version": "1.16"
        },
        {
          "artifacts": [
            {
              "algorithm": "sha256",
              "hash": "7e65763eef3120314099b6939b5546db7adce1e7d6f2e179e3df563c70511eda",
              "url": "https://files.pythonhosted.org/packages/d5/fb/a79efcab32b8a1f1ddca7f35109a50e4a80d42ac1c9187ab46522b2407d7/tzdata-2023.3-py2.py3-none-any.whl"
            },
            {
              "algorithm": "sha256",
              "hash": "11ef1e08e54acb0d4f95bdb1be05da659673de4acbd21bf9c69e94cc5e907a3a",
              "url": "https://files.pythonhosted.org/packages/70/e5/81f99b9fced59624562ab62a33df639a11b26c582be78864b339dafa420d/tzdata-2023.3.tar.gz"
            }
          ],
          "project_name": "tzdata",
          "requires_dists": [],
          "requires_python": ">=2",
          "version": "2023.3"
        }
      ],
      "platform_tag": null
    }
  ],
  "path_mappings": {},
  "pex_version": "2.1.108",
  "pip_version": "20.3.4-patched",
  "prefer_older_binary": false,
  "requirements": [
    "pandas<3.0.0,>=2.0.1"
  ],
  "requires_python": [
    ">=3.10"
  ],
  "resolver_version": "pip-2020-resolver",
  "style": "universal",
  "target_systems": [
    "linux",
    "mac"
  ],
  "transitive": true,
  "use_pep517": null
}
